
Microsoft Visual Studio Solution File, Format Version 12.00
# Visual Studio Version 17
VisualStudioVersion = 17.5.002.0
MinimumVisualStudioVersion = 10.0.40219.1
Project("{9A19103F-16F7-4668-BE54-9A1E7A4F7556}") = "collatz", "collatz.csproj", "{EBDE251A-57D7-4364-B36E-5632DDAFCB19}"
EndProject
Global
	GlobalSection(SolutionConfigurationPlatforms) = preSolution
		Debug|Any CPU = Debug|Any CPU
		Release|Any CPU = Release|Any CPU
	EndGlobalSection
	GlobalSection(ProjectConfigurationPlatforms) = postSolution
		{EBDE251A-57D7-4364-B36E-5632DDAFCB19}.Debug|Any CPU.ActiveCfg = Debug|Any CPU
		{EBDE251A-57D7-4364-B36E-5632DDAFCB19}.Debug|Any CPU.Build.0 = Debug|Any CPU
		{EBDE251A-57D7-4364-B36E-5632DDAFCB19}.Release|Any CPU.ActiveCfg = Release|Any CPU
		{EBDE251A-57D7-4364-B36E-5632DDAFCB19}.Release|Any CPU.Build.0 = Release|Any CPU
	EndGlobalSection
	GlobalSection(SolutionProperties) = preSolution
		HideSolutionNode = FALSE
	EndGlobalSection
	GlobalSection(ExtensibilityGlobals) = postSolution
		SolutionGuid = {616791B4-50C0-4927-9428-29D569155836}
	EndGlobalSection
EndGlobal
